
Microsoft Visual Studio Solution File, Format Version 12.00
# Visual Studio 15
VisualStudioVersion = 15.0.27428.2043
MinimumVisualStudioVersion = 10.0.40219.1
Project("{FAE04EC0-301F-11D3-BF4B-00C04F79EFBC}") = "OneCore.Core", "OneCore.Core\OneCore.Core.csproj", "{8857852C-B976-4387-B071-1D75087C0DFD}"
EndProject
Project("{FAE04EC0-301F-11D3-BF4B-00C04F79EFBC}") = "OneCore.Data", "OneCore.Data\OneCore.Data.csproj", "{6C5D4DAE-D2F2-452D-B96E-485C8513F474}"
EndProject
Project("{FAE04EC0-301F-11D3-BF4B-00C04F79EFBC}") = "OneCore.Business", "OneCore.Business\OneCore.Business.csproj", "{B24F7865-3047-4CF8-889A-EDDF3A71D6B5}"
EndProject
Global
	GlobalSection(SolutionConfigurationPlatforms) = preSolution
		Debug|Any CPU = Debug|Any CPU
		Release|Any CPU = Release|Any CPU
	EndGlobalSection
	GlobalSection(ProjectConfigurationPlatforms) = postSolution
		{8857852C-B976-4387-B071-1D75087C0DFD}.Debug|Any CPU.ActiveCfg = Debug|Any CPU
		{8857852C-B976-4387-B071-1D75087C0DFD}.Debug|Any CPU.Build.0 = Debug|Any CPU
		{8857852C-B976-4387-B071-1D75087C0DFD}.Release|Any CPU.ActiveCfg = Release|Any CPU
		{8857852C-B976-4387-B071-1D75087C0DFD}.Release|Any CPU.Build.0 = Release|Any CPU
		{6C5D4DAE-D2F2-452D-B96E-485C8513F474}.Debug|Any CPU.ActiveCfg = Debug|Any CPU
		{6C5D4DAE-D2F2-452D-B96E-485C8513F474}.Debug|Any CPU.Build.0 = Debug|Any CPU
		{6C5D4DAE-D2F2-452D-B96E-485C8513F474}.Release|Any CPU.ActiveCfg = Release|Any CPU
		{6C5D4DAE-D2F2-452D-B96E-485C8513F474}.Release|Any CPU.Build.0 = Release|Any CPU
		{B24F7865-3047-4CF8-889A-EDDF3A71D6B5}.Debug|Any CPU.ActiveCfg = Debug|Any CPU
		{B24F7865-3047-4CF8-889A-EDDF3A71D6B5}.Debug|Any CPU.Build.0 = Debug|Any CPU
		{B24F7865-3047-4CF8-889A-EDDF3A71D6B5}.Release|Any CPU.ActiveCfg = Release|Any CPU
		{B24F7865-3047-4CF8-889A-EDDF3A71D6B5}.Release|Any CPU.Build.0 = Release|Any CPU
	EndGlobalSection
	GlobalSection(SolutionProperties) = preSolution
		HideSolutionNode = FALSE
	EndGlobalSection
	GlobalSection(ExtensibilityGlobals) = postSolution
		SolutionGuid = {39510EFA-0958-46D2-955B-8FCCF188FAAB}
	EndGlobalSection
EndGlobal
